
Microsoft Visual Studio Solution File, Format Version 12.00
# Visual Studio Version 17
VisualStudioVersion = 17.7.34221.43
MinimumVisualStudioVersion = 10.0.40219.1
Project("{FAE04EC0-301F-11D3-BF4B-00C04F79EFBC}") = "Person", "Person.csproj", "{F45DC007-BB77-4F55-A791-D9D3086A98DA}"
EndProject
Global
	GlobalSection(SolutionConfigurationPlatforms) = preSolution
		Debug|Any CPU = Debug|Any CPU
		Release|Any CPU = Release|Any CPU
	EndGlobalSection
	GlobalSection(ProjectConfigurationPlatforms) = postSolution
		{F45DC007-BB77-4F55-A791-D9D3086A98DA}.Debug|Any CPU.ActiveCfg = Debug|Any CPU
		{F45DC007-BB77-4F55-A791-D9D3086A98DA}.Debug|Any CPU.Build.0 = Debug|Any CPU
		{F45DC007-BB77-4F55-A791-D9D3086A98DA}.Release|Any CPU.ActiveCfg = Release|Any CPU
		{F45DC007-BB77-4F55-A791-D9D3086A98DA}.Release|Any CPU.Build.0 = Release|Any CPU
	EndGlobalSection
	GlobalSection(SolutionProperties) = preSolution
		HideSolutionNode = FALSE
	EndGlobalSection
	GlobalSection(ExtensibilityGlobals) = postSolution
		SolutionGuid = {B73623C7-3EF0-459E-827E-5A089BF8844C}
	EndGlobalSection
EndGlobal
